Microsoft Visual Studio Solution File, Format Version 12.00
# Visual Studio Version 17
VisualStudioVersion = 17.5.2.0
MinimumVisualStudioVersion = 10.0.40219.1
Project("{FAE04EC0-301F-11D3-BF4B-00C04F79EFBC}") = "BlazerApp", "BlazerApp.csproj", "{28DA706D-2CD6-7096-43F1-4255B8A638E2}"
EndProject
Global
	GlobalSection(SolutionConfigurationPlatforms) = preSolution
		Debug|Any CPU = Debug|Any CPU
		Release|Any CPU = Release|Any CPU
	EndGlobalSection
	GlobalSection(ProjectConfigurationPlatforms) = postSolution
		{28DA706D-2CD6-7096-43F1-4255B8A638E2}.Debug|Any CPU.ActiveCfg = Debug|Any CPU
		{28DA706D-2CD6-7096-43F1-4255B8A638E2}.Debug|Any CPU.Build.0 = Debug|Any CPU
		{28DA706D-2CD6-7096-43F1-4255B8A638E2}.Release|Any CPU.ActiveCfg = Release|Any CPU
		{28DA706D-2CD6-7096-43F1-4255B8A638E2}.Release|Any CPU.Build.0 = Release|Any CPU
	EndGlobalSection
	GlobalSection(SolutionProperties) = preSolution
		HideSolutionNode = FALSE
	EndGlobalSection
	GlobalSection(ExtensibilityGlobals) = postSolution
		SolutionGuid = {B678A277-AA5C-46C8-AD73-1FA86C0DA09B}
	EndGlobalSection
EndGlobal
